
Microsoft Visual Studio Solution File, Format Version 12.00
# Visual Studio Version 17
VisualStudioVersion = 17.11.35303.130
MinimumVisualStudioVersion = 10.0.40219.1
Project("{9A19103F-16F7-4668-BE54-9A1E7A4F7556}") = "Application", "Application\Application.csproj", "{6BD9BC4D-349D-4CD4-9E3C-F9DC17A7CC45}"
EndProject
Project("{9A19103F-16F7-4668-BE54-9A1E7A4F7556}") = "Domain", "Domain\Domain.csproj", "{C16DAC9B-524D-4A0B-8B46-361F01C36146}"
EndProject
Project("{9A19103F-16F7-4668-BE54-9A1E7A4F7556}") = "Infrastructure", "Infrastructure\Infrastructure.csproj", "{9D2EAC8F-3B39-4B1B-B47A-5CE8372F3D45}"
EndProject
Project("{9A19103F-16F7-4668-BE54-9A1E7A4F7556}") = "Shared", "Shared\Shared.csproj", "{41A7E40E-3810-48BC-B0BB-C3E939199BA1}"
EndProject
Project("{9A19103F-16F7-4668-BE54-9A1E7A4F7556}") = "BillZuletaRetoPractico02", "BillZuletaRetoPractico02\BillZuletaRetoPractico02.csproj", "{16DE1A15-1395-4841-AF55-4CE9C3826E43}"
EndProject
Global
	GlobalSection(SolutionConfigurationPlatforms) = preSolution
		Debug|Any CPU = Debug|Any CPU
		Release|Any CPU = Release|Any CPU
	EndGlobalSection
	GlobalSection(ProjectConfigurationPlatforms) = postSolution
		{6BD9BC4D-349D-4CD4-9E3C-F9DC17A7CC45}.Debug|Any CPU.ActiveCfg = Debug|Any CPU
		{6BD9BC4D-349D-4CD4-9E3C-F9DC17A7CC45}.Debug|Any CPU.Build.0 = Debug|Any CPU
		{6BD9BC4D-349D-4CD4-9E3C-F9DC17A7CC45}.Release|Any CPU.ActiveCfg = Release|Any CPU
		{6BD9BC4D-349D-4CD4-9E3C-F9DC17A7CC45}.Release|Any CPU.Build.0 = Release|Any CPU
		{C16DAC9B-524D-4A0B-8B46-361F01C36146}.Debug|Any CPU.ActiveCfg = Debug|Any CPU
		{C16DAC9B-524D-4A0B-8B46-361F01C36146}.Debug|Any CPU.Build.0 = Debug|Any CPU
		{C16DAC9B-524D-4A0B-8B46-361F01C36146}.Release|Any CPU.ActiveCfg = Release|Any CPU
		{C16DAC9B-524D-4A0B-8B46-361F01C36146}.Release|Any CPU.Build.0 = Release|Any CPU
		{9D2EAC8F-3B39-4B1B-B47A-5CE8372F3D45}.Debug|Any CPU.ActiveCfg = Debug|Any CPU
		{9D2EAC8F-3B39-4B1B-B47A-5CE8372F3D45}.Debug|Any CPU.Build.0 = Debug|Any CPU
		{9D2EAC8F-3B39-4B1B-B47A-5CE8372F3D45}.Release|Any CPU.ActiveCfg = Release|Any CPU
		{9D2EAC8F-3B39-4B1B-B47A-5CE8372F3D45}.Release|Any CPU.Build.0 = Release|Any CPU
		{41A7E40E-3810-48BC-B0BB-C3E939199BA1}.Debug|Any CPU.ActiveCfg = Debug|Any CPU
		{41A7E40E-3810-48BC-B0BB-C3E939199BA1}.Debug|Any CPU.Build.0 = Debug|Any CPU
		{41A7E40E-3810-48BC-B0BB-C3E939199BA1}.Release|Any CPU.ActiveCfg = Release|Any CPU
		{41A7E40E-3810-48BC-B0BB-C3E939199BA1}.Release|Any CPU.Build.0 = Release|Any CPU
		{16DE1A15-1395-4841-AF55-4CE9C3826E43}.Debug|Any CPU.ActiveCfg = Debug|Any CPU
		{16DE1A15-1395-4841-AF55-4CE9C3826E43}.Debug|Any CPU.Build.0 = Debug|Any CPU
		{16DE1A15-1395-4841-AF55-4CE9C3826E43}.Release|Any CPU.ActiveCfg = Release|Any CPU
		{16DE1A15-1395-4841-AF55-4CE9C3826E43}.Release|Any CPU.Build.0 = Release|Any CPU
	EndGlobalSection
	GlobalSection(SolutionProperties) = preSolution
		HideSolutionNode = FALSE
	EndGlobalSection
	GlobalSection(ExtensibilityGlobals) = postSolution
		SolutionGuid = {F7DC88EB-B23C-480A-A15F-F1708EEAE332}
	EndGlobalSection
EndGlobal
